{
  "name": "@darrell.bleakley/twr",
  "version": "0.0.1",
  "lockfileVersion": 1,
  "requires": true,
  "dependencies": {
    "@darrell.bleakley/twc": {
      "version": "0.0.1",
      "resolved": "https://registry.npmjs.org/@darrell.bleakley/twc/-/twc-0.0.1.tgz",
      "integrity": "sha512-wI4CJ7TVK56fhk7UD7GvDc3p+ikSZmy/ys+w2WWQaGtymgzJdjzpCeWD+/4IKO+hrocpF5blxiI+ohJGVQ0zcQ=="
    }
  }
}
